
Microsoft Visual Studio Solution File, Format Version 12.00
# Visual Studio Version 17
VisualStudioVersion = 17.3.32922.545
MinimumVisualStudioVersion = 10.0.40219.1
Project("{8BC9CEB8-8B4A-11D0-8D11-00A0C91BC942}") = "test_10_11", "test_10_11.vcxproj", "{3B31802A-D364-46AA-A71C-D5D6F2FFEA1D}"
EndProject
Global
	GlobalSection(SolutionConfigurationPlatforms) = preSolution
		Debug|x64 = Debug|x64
		Debug|x86 = Debug|x86
		Release|x64 = Release|x64
		Release|x86 = Release|x86
	EndGlobalSection
	GlobalSection(ProjectConfigurationPlatforms) = postSolution
		{3B31802A-D364-46AA-A71C-D5D6F2FFEA1D}.Debug|x64.ActiveCfg = Debug|x64
		{3B31802A-D364-46AA-A71C-D5D6F2FFEA1D}.Debug|x64.Build.0 = Debug|x64
		{3B31802A-D364-46AA-A71C-D5D6F2FFEA1D}.Debug|x86.ActiveCfg = Debug|Win32
		{3B31802A-D364-46AA-A71C-D5D6F2FFEA1D}.Debug|x86.Build.0 = Debug|Win32
		{3B31802A-D364-46AA-A71C-D5D6F2FFEA1D}.Release|x64.ActiveCfg = Release|x64
		{3B31802A-D364-46AA-A71C-D5D6F2FFEA1D}.Release|x64.Build.0 = Release|x64
		{3B31802A-D364-46AA-A71C-D5D6F2FFEA1D}.Release|x86.ActiveCfg = Release|Win32
		{3B31802A-D364-46AA-A71C-D5D6F2FFEA1D}.Release|x86.Build.0 = Release|Win32
	EndGlobalSection
	GlobalSection(SolutionProperties) = preSolution
		HideSolutionNode = FALSE
	EndGlobalSection
	GlobalSection(ExtensibilityGlobals) = postSolution
		SolutionGuid = {E7B43151-B281-456A-8B41-E9133E315034}
	EndGlobalSection
EndGlobal
